
Microsoft Visual Studio Solution File, Format Version 12.00
# Visual Studio Version 17
VisualStudioVersion = 17.2.32630.192
MinimumVisualStudioVersion = 10.0.40219.1
Project("{FAE04EC0-301F-11D3-BF4B-00C04F79EFBC}") = "Программа", "Программа\Программа.csproj", "{AB93CB03-1BBB-494D-BCAC-2D587364599C}"
EndProject
Global
	GlobalSection(SolutionConfigurationPlatforms) = preSolution
		Debug|Any CPU = Debug|Any CPU
		Release|Any CPU = Release|Any CPU
	EndGlobalSection
	GlobalSection(ProjectConfigurationPlatforms) = postSolution
		{AB93CB03-1BBB-494D-BCAC-2D587364599C}.Debug|Any CPU.ActiveCfg = Debug|Any CPU
		{AB93CB03-1BBB-494D-BCAC-2D587364599C}.Debug|Any CPU.Build.0 = Debug|Any CPU
		{AB93CB03-1BBB-494D-BCAC-2D587364599C}.Release|Any CPU.ActiveCfg = Release|Any CPU
		{AB93CB03-1BBB-494D-BCAC-2D587364599C}.Release|Any CPU.Build.0 = Release|Any CPU
	EndGlobalSection
	GlobalSection(SolutionProperties) = preSolution
		HideSolutionNode = FALSE
	EndGlobalSection
	GlobalSection(ExtensibilityGlobals) = postSolution
		SolutionGuid = {15F7FBC9-4C30-49E5-A70E-2E6868D1AB80}
	EndGlobalSection
EndGlobal
