
Microsoft Visual Studio Solution File, Format Version 12.00
# Visual Studio Version 17
VisualStudioVersion = 17.2.32630.192
MinimumVisualStudioVersion = 10.0.40219.1
Project("{FAE04EC0-301F-11D3-BF4B-00C04F79EFBC}") = "Drag and Drop", "Drag and Drop\Drag and Drop.csproj", "{07592732-3F84-4475-B40C-D6E71B541016}"
EndProject
Global
	GlobalSection(SolutionConfigurationPlatforms) = preSolution
		Debug|Any CPU = Debug|Any CPU
		Release|Any CPU = Release|Any CPU
	EndGlobalSection
	GlobalSection(ProjectConfigurationPlatforms) = postSolution
		{07592732-3F84-4475-B40C-D6E71B541016}.Debug|Any CPU.ActiveCfg = Debug|Any CPU
		{07592732-3F84-4475-B40C-D6E71B541016}.Debug|Any CPU.Build.0 = Debug|Any CPU
		{07592732-3F84-4475-B40C-D6E71B541016}.Release|Any CPU.ActiveCfg = Release|Any CPU
		{07592732-3F84-4475-B40C-D6E71B541016}.Release|Any CPU.Build.0 = Release|Any CPU
	EndGlobalSection
	GlobalSection(SolutionProperties) = preSolution
		HideSolutionNode = FALSE
	EndGlobalSection
	GlobalSection(ExtensibilityGlobals) = postSolution
		SolutionGuid = {8705F9ED-42E6-4C03-8E78-75602D4032E0}
	EndGlobalSection
EndGlobal
